
Microsoft Visual Studio Solution File, Format Version 12.00
# Visual Studio Version 17
VisualStudioVersion = 17.1.32210.238
MinimumVisualStudioVersion = 10.0.40219.1
Project("{FAE04EC0-301F-11D3-BF4B-00C04F79EFBC}") = "Test_getHardwareInfo", "Test_getHardwareInfo\Test_getHardwareInfo.csproj", "{11E55030-2A27-499B-B857-2954EF476A6C}"
EndProject
Global
	GlobalSection(SolutionConfigurationPlatforms) = preSolution
		Debug|Any CPU = Debug|Any CPU
		Release|Any CPU = Release|Any CPU
	EndGlobalSection
	GlobalSection(ProjectConfigurationPlatforms) = postSolution
		{11E55030-2A27-499B-B857-2954EF476A6C}.Debug|Any CPU.ActiveCfg = Debug|Any CPU
		{11E55030-2A27-499B-B857-2954EF476A6C}.Debug|Any CPU.Build.0 = Debug|Any CPU
		{11E55030-2A27-499B-B857-2954EF476A6C}.Release|Any CPU.ActiveCfg = Release|Any CPU
		{11E55030-2A27-499B-B857-2954EF476A6C}.Release|Any CPU.Build.0 = Release|Any CPU
	EndGlobalSection
	GlobalSection(SolutionProperties) = preSolution
		HideSolutionNode = FALSE
	EndGlobalSection
	GlobalSection(ExtensibilityGlobals) = postSolution
		SolutionGuid = {A044D872-E621-42D7-8DF3-DEEDD421E803}
	EndGlobalSection
EndGlobal
